lockfileVersion: '9.0'

settings:
  autoInstallPeers: true
  excludeLinksFromLockfile: false

importers:

  .: {}

  apps/server:
    dependencies:
      hono:
        specifier: ^4.0.0
        version: 4.8.5
      ua-parser-js:
        specifier: ^0.7.24
        version: 0.7.40
      unique-names-generator:
        specifier: ^4.3.0
        version: 4.7.1
      ws:
        specifier: ^8.18.3
        version: 8.18.3

packages:

  hono@4.8.5:
    resolution: {integrity: sha512-Up2cQbtNz1s111qpnnECdTGqSIUIhZJMLikdKkshebQSEBcoUKq6XJayLGqSZWidiH0zfHRCJqFu062Mz5UuRA==}
    engines: {node: '>=16.9.0'}

  ua-parser-js@0.7.40:
    resolution: {integrity: sha512-us1E3K+3jJppDBa3Tl0L3MOJiGhe1C6P0+nIvQAFYbxlMAx0h81eOwLmU57xgqToduDDPx3y5QsdjPfDu+FgOQ==}
    hasBin: true

  unique-names-generator@4.7.1:
    resolution: {integrity: sha512-lMx9dX+KRmG8sq6gulYYpKWZc9RlGsgBR6aoO8Qsm3qvkSJ+3rAymr+TnV8EDMrIrwuFJ4kruzMWM/OpYzPoow==}
    engines: {node: '>=8'}

  ws@8.18.3:
    resolution: {integrity: sha512-PEIGCY5tSlUt50cqyMXfCzX+oOPqN0vuGqWzbcJ2xvnkzkq46oOpz7dQaTDBdfICb4N14+GARUDw2XV2N4tvzg==}
    engines: {node: '>=10.0.0'}
    peerDependencies:
      bufferutil: ^4.0.1
      utf-8-validate: '>=5.0.2'
    peerDependenciesMeta:
      bufferutil:
        optional: true
      utf-8-validate:
        optional: true

snapshots:

  hono@4.8.5: {}

  ua-parser-js@0.7.40: {}

  unique-names-generator@4.7.1: {}

  ws@8.18.3: {}
